
Microsoft Visual Studio Solution File, Format Version 12.00
# Visual Studio 15
VisualStudioVersion = 15.0.27703.2048
MinimumVisualStudioVersion = 10.0.40219.1
Project("{2150E333-8FDC-42A3-9474-1A3956D46DE8}") = "Tests", "Tests", "{43DF022E-0FF3-47D3-A43B-269F02C3115B}"
EndProject
Project("{2150E333-8FDC-42A3-9474-1A3956D46DE8}") = "Common", "Common", "{22E5614E-14B2-439D-BB54-1557527DA8E5}"
EndProject
Project("{2150E333-8FDC-42A3-9474-1A3956D46DE8}") = "Contracts", "Contracts", "{ECAFD88E-E879-4165-B09E-C7D8323FB674}"
EndProject
Project("{2150E333-8FDC-42A3-9474-1A3956D46DE8}") = "ApiClients", "ApiClients", "{F72570D6-D68F-4C79-8325-3381EEE71D6D}"
EndProject
Project("{2150E333-8FDC-42A3-9474-1A3956D46DE8}") = "APIs", "APIs", "{71D60599-1F09-434F-8CCB-4A0828D45B90}"
EndProject
Project("{FAE04EC0-301F-11D3-BF4B-00C04F79EFBC}") = "TicketManager.DataAccess.Events", "TicketManager.DataAccess.Events\TicketManager.DataAccess.Events.csproj", "{1076A675-778B-404A-A8E2-238D8B07B9C2}"
EndProject
Global
	GlobalSection(SolutionConfigurationPlatforms) = preSolution
		Debug|Any CPU = Debug|Any CPU
		Release|Any CPU = Release|Any CPU
	EndGlobalSection
	GlobalSection(ProjectConfigurationPlatforms) = postSolution
		{1076A675-778B-404A-A8E2-238D8B07B9C2}.Debug|Any CPU.ActiveCfg = Debug|Any CPU
		{1076A675-778B-404A-A8E2-238D8B07B9C2}.Debug|Any CPU.Build.0 = Debug|Any CPU
		{1076A675-778B-404A-A8E2-238D8B07B9C2}.Release|Any CPU.ActiveCfg = Release|Any CPU
		{1076A675-778B-404A-A8E2-238D8B07B9C2}.Release|Any CPU.Build.0 = Release|Any CPU
	EndGlobalSection
	GlobalSection(SolutionProperties) = preSolution
		HideSolutionNode = FALSE
	EndGlobalSection
	GlobalSection(NestedProjects) = preSolution
		{1076A675-778B-404A-A8E2-238D8B07B9C2} = {22E5614E-14B2-439D-BB54-1557527DA8E5}
	EndGlobalSection
	GlobalSection(ExtensibilityGlobals) = postSolution
		SolutionGuid = {05F4388B-9026-4AC2-BF48-6D615D2CECBA}
	EndGlobalSection
EndGlobal
