
Microsoft Visual Studio Solution File, Format Version 12.00
# Visual Studio 15
VisualStudioVersion = 15.0.27703.2048
MinimumVisualStudioVersion = 10.0.40219.1
Project("{2150E333-8FDC-42A3-9474-1A3956D46DE8}") = "Tests", "Tests", "{43DF022E-0FF3-47D3-A43B-269F02C3115B}"
EndProject
Project("{2150E333-8FDC-42A3-9474-1A3956D46DE8}") = "Common", "Common", "{22E5614E-14B2-439D-BB54-1557527DA8E5}"
EndProject
Project("{2150E333-8FDC-42A3-9474-1A3956D46DE8}") = "Contracts", "Contracts", "{ECAFD88E-E879-4165-B09E-C7D8323FB674}"
EndProject
Project("{2150E333-8FDC-42A3-9474-1A3956D46DE8}") = "ApiClients", "ApiClients", "{F72570D6-D68F-4C79-8325-3381EEE71D6D}"
EndProject
Project("{2150E333-8FDC-42A3-9474-1A3956D46DE8}") = "APIs", "APIs", "{71D60599-1F09-434F-8CCB-4A0828D45B90}"
EndProject
Project("{9A19103F-16F7-4668-BE54-9A1E7A4F7556}") = "TicketManager.DataAccess.Events", "TicketManager.DataAccess.Events\TicketManager.DataAccess.Events.csproj", "{1076A675-778B-404A-A8E2-238D8B07B9C2}"
EndProject
Project("{9A19103F-16F7-4668-BE54-9A1E7A4F7556}") = "TicketManager.Domain.Common", "TicketManager.Domain.Common\TicketManager.Domain.Common.csproj", "{4A0C2F6D-9F1C-4801-B6B8-E8523A66DEEB}"
EndProject
Project("{9A19103F-16F7-4668-BE54-9A1E7A4F7556}") = "TicketManager.DataAccess.Documents", "TicketManager.DataAccess.Documents\TicketManager.DataAccess.Documents.csproj", "{7F9CA671-355D-4497-840F-5CC81DB11145}"
EndProject
Project("{9A19103F-16F7-4668-BE54-9A1E7A4F7556}") = "TicketManager.Contracts.QueryApi", "TicketManager.Contracts.QueryApi\TicketManager.Contracts.QueryApi.csproj", "{495AE17B-B62B-423C-BA58-2990A29CDE9E}"
EndProject
Project("{9A19103F-16F7-4668-BE54-9A1E7A4F7556}") = "TicketManager.Contracts.CommandApi", "TicketManager.Contracts.CommandApi\TicketManager.Contracts.CommandApi.csproj", "{D14976CA-395C-4E1A-828F-6B8993662F94}"
EndProject
Project("{9A19103F-16F7-4668-BE54-9A1E7A4F7556}") = "TicketManager.WebAPI", "TicketManager.WebAPI\TicketManager.WebAPI.csproj", "{F9AEC956-D15D-48B7-BA1E-20D37EBFF0C0}"
EndProject
Project("{9A19103F-16F7-4668-BE54-9A1E7A4F7556}") = "TicketManager.Common", "TicketManager.Common\TicketManager.Common.csproj", "{AD8A7585-61AB-493F-8A05-B11E534F6656}"
EndProject
Project("{FAE04EC0-301F-11D3-BF4B-00C04F79EFBC}") = "TicketManager.Contracts.Common", "TicketManager.Contracts.Common\TicketManager.Contracts.Common.csproj", "{5C50CE42-5CC2-4FC5-864D-1334B76C4168}"
EndProject
Global
	GlobalSection(SolutionConfigurationPlatforms) = preSolution
		Debug|Any CPU = Debug|Any CPU
		Release|Any CPU = Release|Any CPU
	EndGlobalSection
	GlobalSection(ProjectConfigurationPlatforms) = postSolution
		{1076A675-778B-404A-A8E2-238D8B07B9C2}.Debug|Any CPU.ActiveCfg = Debug|Any CPU
		{1076A675-778B-404A-A8E2-238D8B07B9C2}.Debug|Any CPU.Build.0 = Debug|Any CPU
		{1076A675-778B-404A-A8E2-238D8B07B9C2}.Release|Any CPU.ActiveCfg = Release|Any CPU
		{1076A675-778B-404A-A8E2-238D8B07B9C2}.Release|Any CPU.Build.0 = Release|Any CPU
		{4A0C2F6D-9F1C-4801-B6B8-E8523A66DEEB}.Debug|Any CPU.ActiveCfg = Debug|Any CPU
		{4A0C2F6D-9F1C-4801-B6B8-E8523A66DEEB}.Debug|Any CPU.Build.0 = Debug|Any CPU
		{4A0C2F6D-9F1C-4801-B6B8-E8523A66DEEB}.Release|Any CPU.ActiveCfg = Release|Any CPU
		{4A0C2F6D-9F1C-4801-B6B8-E8523A66DEEB}.Release|Any CPU.Build.0 = Release|Any CPU
		{7F9CA671-355D-4497-840F-5CC81DB11145}.Debug|Any CPU.ActiveCfg = Debug|Any CPU
		{7F9CA671-355D-4497-840F-5CC81DB11145}.Debug|Any CPU.Build.0 = Debug|Any CPU
		{7F9CA671-355D-4497-840F-5CC81DB11145}.Release|Any CPU.ActiveCfg = Release|Any CPU
		{7F9CA671-355D-4497-840F-5CC81DB11145}.Release|Any CPU.Build.0 = Release|Any CPU
		{495AE17B-B62B-423C-BA58-2990A29CDE9E}.Debug|Any CPU.ActiveCfg = Debug|Any CPU
		{495AE17B-B62B-423C-BA58-2990A29CDE9E}.Debug|Any CPU.Build.0 = Debug|Any CPU
		{495AE17B-B62B-423C-BA58-2990A29CDE9E}.Release|Any CPU.ActiveCfg = Release|Any CPU
		{495AE17B-B62B-423C-BA58-2990A29CDE9E}.Release|Any CPU.Build.0 = Release|Any CPU
		{D14976CA-395C-4E1A-828F-6B8993662F94}.Debug|Any CPU.ActiveCfg = Debug|Any CPU
		{D14976CA-395C-4E1A-828F-6B8993662F94}.Debug|Any CPU.Build.0 = Debug|Any CPU
		{D14976CA-395C-4E1A-828F-6B8993662F94}.Release|Any CPU.ActiveCfg = Release|Any CPU
		{D14976CA-395C-4E1A-828F-6B8993662F94}.Release|Any CPU.Build.0 = Release|Any CPU
		{F9AEC956-D15D-48B7-BA1E-20D37EBFF0C0}.Debug|Any CPU.ActiveCfg = Debug|Any CPU
		{F9AEC956-D15D-48B7-BA1E-20D37EBFF0C0}.Debug|Any CPU.Build.0 = Debug|Any CPU
		{F9AEC956-D15D-48B7-BA1E-20D37EBFF0C0}.Release|Any CPU.ActiveCfg = Release|Any CPU
		{F9AEC956-D15D-48B7-BA1E-20D37EBFF0C0}.Release|Any CPU.Build.0 = Release|Any CPU
		{AD8A7585-61AB-493F-8A05-B11E534F6656}.Debug|Any CPU.ActiveCfg = Debug|Any CPU
		{AD8A7585-61AB-493F-8A05-B11E534F6656}.Debug|Any CPU.Build.0 = Debug|Any CPU
		{AD8A7585-61AB-493F-8A05-B11E534F6656}.Release|Any CPU.ActiveCfg = Release|Any CPU
		{AD8A7585-61AB-493F-8A05-B11E534F6656}.Release|Any CPU.Build.0 = Release|Any CPU
		{5C50CE42-5CC2-4FC5-864D-1334B76C4168}.Debug|Any CPU.ActiveCfg = Debug|Any CPU
		{5C50CE42-5CC2-4FC5-864D-1334B76C4168}.Debug|Any CPU.Build.0 = Debug|Any CPU
		{5C50CE42-5CC2-4FC5-864D-1334B76C4168}.Release|Any CPU.ActiveCfg = Release|Any CPU
		{5C50CE42-5CC2-4FC5-864D-1334B76C4168}.Release|Any CPU.Build.0 = Release|Any CPU
	EndGlobalSection
	GlobalSection(SolutionProperties) = preSolution
		HideSolutionNode = FALSE
	EndGlobalSection
	GlobalSection(NestedProjects) = preSolution
		{1076A675-778B-404A-A8E2-238D8B07B9C2} = {22E5614E-14B2-439D-BB54-1557527DA8E5}
		{4A0C2F6D-9F1C-4801-B6B8-E8523A66DEEB} = {22E5614E-14B2-439D-BB54-1557527DA8E5}
		{7F9CA671-355D-4497-840F-5CC81DB11145} = {22E5614E-14B2-439D-BB54-1557527DA8E5}
		{495AE17B-B62B-423C-BA58-2990A29CDE9E} = {ECAFD88E-E879-4165-B09E-C7D8323FB674}
		{D14976CA-395C-4E1A-828F-6B8993662F94} = {ECAFD88E-E879-4165-B09E-C7D8323FB674}
		{F9AEC956-D15D-48B7-BA1E-20D37EBFF0C0} = {71D60599-1F09-434F-8CCB-4A0828D45B90}
		{AD8A7585-61AB-493F-8A05-B11E534F6656} = {22E5614E-14B2-439D-BB54-1557527DA8E5}
		{5C50CE42-5CC2-4FC5-864D-1334B76C4168} = {ECAFD88E-E879-4165-B09E-C7D8323FB674}
	EndGlobalSection
	GlobalSection(ExtensibilityGlobals) = postSolution
		SolutionGuid = {05F4388B-9026-4AC2-BF48-6D615D2CECBA}
	EndGlobalSection
EndGlobal
